
Microsoft Visual Studio Solution File, Format Version 12.00
# Visual Studio Version 17
VisualStudioVersion = 17.0.32014.148
MinimumVisualStudioVersion = 10.0.40219.1
Project("{9A19103F-16F7-4668-BE54-9A1E7A4F7556}") = "Configuration.Web", "Configuration.Web\Configuration.Web.csproj", "{4D0D07AD-205E-4B73-A60C-5DD3F3A0C082}"
EndProject
Project("{FAE04EC0-301F-11D3-BF4B-00C04F79EFBC}") = "Configuration.Membership", "Configuration.Membership\Configuration.Membership.csproj", "{7CC14E20-DE74-4AA7-88C3-7934E16D406D}"
EndProject
Global
	GlobalSection(SolutionConfigurationPlatforms) = preSolution
		Debug|Any CPU = Debug|Any CPU
		Release|Any CPU = Release|Any CPU
	EndGlobalSection
	GlobalSection(ProjectConfigurationPlatforms) = postSolution
		{4D0D07AD-205E-4B73-A60C-5DD3F3A0C082}.Debug|Any CPU.ActiveCfg = Debug|Any CPU
		{4D0D07AD-205E-4B73-A60C-5DD3F3A0C082}.Debug|Any CPU.Build.0 = Debug|Any CPU
		{4D0D07AD-205E-4B73-A60C-5DD3F3A0C082}.Release|Any CPU.ActiveCfg = Release|Any CPU
		{4D0D07AD-205E-4B73-A60C-5DD3F3A0C082}.Release|Any CPU.Build.0 = Release|Any CPU
		{7CC14E20-DE74-4AA7-88C3-7934E16D406D}.Debug|Any CPU.ActiveCfg = Debug|Any CPU
		{7CC14E20-DE74-4AA7-88C3-7934E16D406D}.Debug|Any CPU.Build.0 = Debug|Any CPU
		{7CC14E20-DE74-4AA7-88C3-7934E16D406D}.Release|Any CPU.ActiveCfg = Release|Any CPU
		{7CC14E20-DE74-4AA7-88C3-7934E16D406D}.Release|Any CPU.Build.0 = Release|Any CPU
	EndGlobalSection
	GlobalSection(SolutionProperties) = preSolution
		HideSolutionNode = FALSE
	EndGlobalSection
	GlobalSection(ExtensibilityGlobals) = postSolution
		SolutionGuid = {C8E6FF99-9333-477D-B0AF-6CA03399E2EF}
	EndGlobalSection
EndGlobal
